{
  "originHash" : "783c03cb232f8d17b27582f62048b4b5092c5dbc3f5fb026c5899190aad38951",
  "pins" : [
    {
      "identity" : "down",
      "kind" : "remoteSourceControl",
      "location" : "https://github.com/johnxnguyen/Down.git",
      "state" : {
        "revision" : "f34b166be1f1db4aa8f573067e901d72f2a6be57",
        "version" : "0.11.0"
      }
    },
    {
      "identity" : "logmanager",
      "kind" : "remoteSourceControl",
      "location" : "https://github.com/Appracatappra/LogManager",
      "state" : {
        "revision" : "ed7b6f091d9f261e75211c214a4ba0ea3ba7a84d",
        "version" : "2.0.4"
      }
    },
    {
      "identity" : "swiftletutilities",
      "kind" : "remoteSourceControl",
      "location" : "https://github.com/Appracatappra/SwiftletUtilities.git",
      "state" : {
        "revision" : "2903319b5a082b649a0f608f5c30fa3f78c42cc8",
        "version" : "2.0.4"
      }
    }
  ],
  "version" : 3
}
